{
    "_readme": [
        "This file locks the dependencies of your project to a known state",
        "Read more about it at https://getcomposer.org/doc/01-basic-usage.md#installing-dependencies",
        "This file is @generated automatically"
    ],
    "content-hash": "63db25a02fbcbba135bc9c0d7b05d7e5",
    "packages": [
        {
            "name": "anouar/fpdf",
            "version": "1.0.1",
            "source": {
                "type": "git",
                "url": "git@github.com:xroot/laravel-fpdf.git",
                "reference": "master"
            },
            "dist": {
                "type": "zip",
                "url": "https://api.github.com/repos/xroot/laravel-fpdf/zipball/master",
                "reference": "master",
                "shasum": ""
            },
            "require": {
                "illuminate/support": "~4.0",
                "php": ">=5.3.0"
            },
            "type": "library",
            "autoload": {
                "psr-0": {
                    "Anouar\\Fpdf": "src/"
                }
            },
            "notification-url": "https://packagist.org/downloads/",
            "license": [
                "BSD-2-Clause"
            ],
            "authors": [
                {
                    "name": "Anouar",
                    "email": "dtekind@gmail.com"
                }
            ],
            "description": "Fpdf allows to generate PDF files",
            "time": "2015-03-30T13:15:37+00:00"
        },
        {
            "name": "illuminate/support",
            "version": "v4.2.17",
            "target-dir": "Illuminate/Support",
            "source": {
                "type": "git",
                "url": "https://github.com/illuminate/support.git",
                "reference": "db61f3f6d507ce417ca993e1f93585db7efd8b12"
            },
            "dist": {
                "type": "zip",
                "url": "https://api.github.com/repos/illuminate/support/zipball/db61f3f6d507ce417ca993e1f93585db7efd8b12",
                "reference": "db61f3f6d507ce417ca993e1f93585db7efd8b12",
                "shasum": ""
            },
            "require": {
                "php": ">=5.4.0"
            },
            "require-dev": {
                "jeremeamia/superclosure": "~1.0.1",
                "patchwork/utf8": "~1.1"
            },
            "type": "library",
            "extra": {
                "branch-alias": {
                    "dev-master": "4.2-dev"
                }
            },
            "autoload": {
                "psr-0": {
                    "Illuminate\\Support": ""
                },
                "files": [
                    "Illuminate/Support/helpers.php"
                ]
            },
            "notification-url": "https://packagist.org/downloads/",
            "license": [
                "MIT"
            ],
            "authors": [
                {
                    "name": "Taylor Otwell",
                    "email": "taylorotwell@gmail.com"
                }
            ],
            "time": "2015-01-27T20:51:43+00:00"
        },
        {
            "name": "relaxsd/pdflax",
            "version": "dev-master",
            "source": {
                "type": "git",
                "url": "ssh://git@git.relax-software.nl:31422/git/relaxsd/pdflax.git",
                "reference": "4f4e562ebfd8ff2ba7e098ae1f55055628231a44"
            },
            "require": {
                "php": ">=5.4.0"
            },
            "require-dev": {
                "phpunit/phpunit": "^4"
            },
            "type": "library",
            "autoload": {
                "psr-4": {
                    "Pdflax\\": "src/Pdflax"
                }
            },
            "notification-url": "https://packagist.relax-software.nl/downloads/",
            "license": [
                "MIT"
            ],
            "authors": [
                {
                    "name": "Martijn Kriek",
                    "email": "martijn.kriek@relax-software.nl"
                }
            ],
            "description": "PDF document and view wrappers for PHP.",
            "time": "2018-09-14T23:15:34+00:00"
        }
    ],
    "packages-dev": [],
    "aliases": [],
    "minimum-stability": "stable",
    "stability-flags": {
        "relaxsd/pdflax": 20
    },
    "prefer-stable": false,
    "prefer-lowest": false,
    "platform": [],
    "platform-dev": []
}
